
Microsoft Visual Studio Solution File, Format Version 12.00
Project("{FAE04EC0-301F-11D3-BF4B-00C04F79EFBC}") = "ANSExlsx2txt", "ANSExlsx2txt\ANSExlsx2txt.csproj", "{0D949823-0BD6-4053-9E32-8B7994B788E2}"
EndProject
Project("{FAE04EC0-301F-11D3-BF4B-00C04F79EFBC}") = "ANSEdbexport", "ANSEdbexport\ANSEdbexport.csproj", "{04F074E8-B295-46BD-8D27-5A9F5810A3AB}"
EndProject
Project("{FAE04EC0-301F-11D3-BF4B-00C04F79EFBC}") = "SharedClasses", "SharedClasses\SharedClasses.csproj", "{3436080F-635C-48A1-803D-31D425AD18C1}"
EndProject
Global
	GlobalSection(SolutionConfigurationPlatforms) = preSolution
		Debug|Any CPU = Debug|Any CPU
		Release|Any CPU = Release|Any CPU
	EndGlobalSection
	GlobalSection(ProjectConfigurationPlatforms) = postSolution
		{0D949823-0BD6-4053-9E32-8B7994B788E2}.Debug|Any CPU.ActiveCfg = Debug|Any CPU
		{0D949823-0BD6-4053-9E32-8B7994B788E2}.Debug|Any CPU.Build.0 = Debug|Any CPU
		{0D949823-0BD6-4053-9E32-8B7994B788E2}.Release|Any CPU.ActiveCfg = Release|Any CPU
		{0D949823-0BD6-4053-9E32-8B7994B788E2}.Release|Any CPU.Build.0 = Release|Any CPU
		{04F074E8-B295-46BD-8D27-5A9F5810A3AB}.Debug|Any CPU.ActiveCfg = Debug|Any CPU
		{04F074E8-B295-46BD-8D27-5A9F5810A3AB}.Debug|Any CPU.Build.0 = Debug|Any CPU
		{04F074E8-B295-46BD-8D27-5A9F5810A3AB}.Release|Any CPU.ActiveCfg = Release|Any CPU
		{04F074E8-B295-46BD-8D27-5A9F5810A3AB}.Release|Any CPU.Build.0 = Release|Any CPU
		{3436080F-635C-48A1-803D-31D425AD18C1}.Debug|Any CPU.ActiveCfg = Debug|Any CPU
		{3436080F-635C-48A1-803D-31D425AD18C1}.Debug|Any CPU.Build.0 = Debug|Any CPU
		{3436080F-635C-48A1-803D-31D425AD18C1}.Release|Any CPU.ActiveCfg = Release|Any CPU
		{3436080F-635C-48A1-803D-31D425AD18C1}.Release|Any CPU.Build.0 = Release|Any CPU
	EndGlobalSection
EndGlobal
